
Microsoft Visual Studio Solution File, Format Version 12.00
# Visual Studio Version 17
VisualStudioVersion = 17.12.35527.113
MinimumVisualStudioVersion = 10.0.40219.1
Project("{FAE04EC0-301F-11D3-BF4B-00C04F79EFBC}") = "C43-G03-LINQ02", "C43-G03-LINQ02\C43-G03-LINQ02.csproj", "{EEB390BA-9A39-4198-B30A-95697CA94896}"
EndProject
Global
	GlobalSection(SolutionConfigurationPlatforms) = preSolution
		Debug|Any CPU = Debug|Any CPU
		Release|Any CPU = Release|Any CPU
	EndGlobalSection
	GlobalSection(ProjectConfigurationPlatforms) = postSolution
		{EEB390BA-9A39-4198-B30A-95697CA94896}.Debug|Any CPU.ActiveCfg = Debug|Any CPU
		{EEB390BA-9A39-4198-B30A-95697CA94896}.Debug|Any CPU.Build.0 = Debug|Any CPU
		{EEB390BA-9A39-4198-B30A-95697CA94896}.Release|Any CPU.ActiveCfg = Release|Any CPU
		{EEB390BA-9A39-4198-B30A-95697CA94896}.Release|Any CPU.Build.0 = Release|Any CPU
	EndGlobalSection
	GlobalSection(SolutionProperties) = preSolution
		HideSolutionNode = FALSE
	EndGlobalSection
	GlobalSection(ExtensibilityGlobals) = postSolution
		SolutionGuid = {52898EE2-F23D-4EE2-89DF-1B34C3EE729B}
	EndGlobalSection
EndGlobal
