
Microsoft Visual Studio Solution File, Format Version 12.00
# Visual Studio Version 17
VisualStudioVersion = 17.12.35527.113
MinimumVisualStudioVersion = 10.0.40219.1
Project("{FAE04EC0-301F-11D3-BF4B-00C04F79EFBC}") = "C43-G03-EF04", "C43-G03-EF04\C43-G03-EF04.csproj", "{D12886B8-5CA9-4770-8206-E84DBB1B2B79}"
EndProject
Project("{FAE04EC0-301F-11D3-BF4B-00C04F79EFBC}") = "DbFirstApproachPowerTools", "DbFirstApproach\DbFirstApproachPowerTools.csproj", "{914E3596-4B45-4333-9C3B-0F898C7DC6D4}"
EndProject
Project("{FAE04EC0-301F-11D3-BF4B-00C04F79EFBC}") = "DbFirstScaffoldWithProxy", "DbFirstScaffold\DbFirstScaffoldWithProxy.csproj", "{82AE55D4-DF28-4372-BDE3-6F33DE784924}"
EndProject
Global
	GlobalSection(SolutionConfigurationPlatforms) = preSolution
		Debug|Any CPU = Debug|Any CPU
		Release|Any CPU = Release|Any CPU
	EndGlobalSection
	GlobalSection(ProjectConfigurationPlatforms) = postSolution
		{D12886B8-5CA9-4770-8206-E84DBB1B2B79}.Debug|Any CPU.ActiveCfg = Debug|Any CPU
		{D12886B8-5CA9-4770-8206-E84DBB1B2B79}.Debug|Any CPU.Build.0 = Debug|Any CPU
		{D12886B8-5CA9-4770-8206-E84DBB1B2B79}.Release|Any CPU.ActiveCfg = Release|Any CPU
		{D12886B8-5CA9-4770-8206-E84DBB1B2B79}.Release|Any CPU.Build.0 = Release|Any CPU
		{914E3596-4B45-4333-9C3B-0F898C7DC6D4}.Debug|Any CPU.ActiveCfg = Debug|Any CPU
		{914E3596-4B45-4333-9C3B-0F898C7DC6D4}.Debug|Any CPU.Build.0 = Debug|Any CPU
		{914E3596-4B45-4333-9C3B-0F898C7DC6D4}.Release|Any CPU.ActiveCfg = Release|Any CPU
		{914E3596-4B45-4333-9C3B-0F898C7DC6D4}.Release|Any CPU.Build.0 = Release|Any CPU
		{82AE55D4-DF28-4372-BDE3-6F33DE784924}.Debug|Any CPU.ActiveCfg = Debug|Any CPU
		{82AE55D4-DF28-4372-BDE3-6F33DE784924}.Debug|Any CPU.Build.0 = Debug|Any CPU
		{82AE55D4-DF28-4372-BDE3-6F33DE784924}.Release|Any CPU.ActiveCfg = Release|Any CPU
		{82AE55D4-DF28-4372-BDE3-6F33DE784924}.Release|Any CPU.Build.0 = Release|Any CPU
	EndGlobalSection
	GlobalSection(SolutionProperties) = preSolution
		HideSolutionNode = FALSE
	EndGlobalSection
	GlobalSection(ExtensibilityGlobals) = postSolution
		SolutionGuid = {82391830-7644-40A1-8C88-1FF63DBFB2DF}
	EndGlobalSection
EndGlobal
